Microsoft Visual Studio Solution File, Format Version 12.00
# Visual Studio Version 17
VisualStudioVersion = 17.5.2.0
MinimumVisualStudioVersion = 10.0.40219.1
Project("{FAE04EC0-301F-11D3-BF4B-00C04F79EFBC}") = "OfficeQueue", "OfficeQueue.csproj", "{3B722082-4082-7F68-A4FA-AF717BC1C24F}"
EndProject
Global
	GlobalSection(SolutionConfigurationPlatforms) = preSolution
		Debug|Any CPU = Debug|Any CPU
		Release|Any CPU = Release|Any CPU
	EndGlobalSection
	GlobalSection(ProjectConfigurationPlatforms) = postSolution
		{3B722082-4082-7F68-A4FA-AF717BC1C24F}.Debug|Any CPU.ActiveCfg = Debug|Any CPU
		{3B722082-4082-7F68-A4FA-AF717BC1C24F}.Debug|Any CPU.Build.0 = Debug|Any CPU
		{3B722082-4082-7F68-A4FA-AF717BC1C24F}.Release|Any CPU.ActiveCfg = Release|Any CPU
		{3B722082-4082-7F68-A4FA-AF717BC1C24F}.Release|Any CPU.Build.0 = Release|Any CPU
	EndGlobalSection
	GlobalSection(SolutionProperties) = preSolution
		HideSolutionNode = FALSE
	EndGlobalSection
	GlobalSection(ExtensibilityGlobals) = postSolution
		SolutionGuid = {7BA216CD-21C5-4389-9341-F35ECBE18A16}
	EndGlobalSection
EndGlobal
